
Microsoft Visual Studio Solution File, Format Version 12.00
# Visual Studio Version 17
VisualStudioVersion = 17.2.32630.192
MinimumVisualStudioVersion = 10.0.40219.1
Project("{FAE04EC0-301F-11D3-BF4B-00C04F79EFBC}") = "WebAPI 2023", "WebAPI 2023\WebAPI 2023.csproj", "{43625E05-B868-40B6-B663-B59267539DA5}"
EndProject
Global
	GlobalSection(SolutionConfigurationPlatforms) = preSolution
		Debug|Any CPU = Debug|Any CPU
		Release|Any CPU = Release|Any CPU
	EndGlobalSection
	GlobalSection(ProjectConfigurationPlatforms) = postSolution
		{43625E05-B868-40B6-B663-B59267539DA5}.Debug|Any CPU.ActiveCfg = Debug|Any CPU
		{43625E05-B868-40B6-B663-B59267539DA5}.Debug|Any CPU.Build.0 = Debug|Any CPU
		{43625E05-B868-40B6-B663-B59267539DA5}.Release|Any CPU.ActiveCfg = Release|Any CPU
		{43625E05-B868-40B6-B663-B59267539DA5}.Release|Any CPU.Build.0 = Release|Any CPU
	EndGlobalSection
	GlobalSection(SolutionProperties) = preSolution
		HideSolutionNode = FALSE
	EndGlobalSection
	GlobalSection(ExtensibilityGlobals) = postSolution
		SolutionGuid = {53B12958-4323-4821-B33D-1E5651C67B5A}
	EndGlobalSection
EndGlobal
